// !$*UTF8*$!
{
	archiveVersion = 1;
	classes = {
	};
	objectVersion = 56;
	objects = {

/* Begin PBXBuildFile section */
		3A0829EE2B2CB66B001EB95E /* UserSettingsManager.swift in Sources */ = {isa = PBXBuildFile; fileRef = 3A0829ED2B2CB66B001EB95E /* UserSettingsManager.swift */; };
		3A0829F02B3DE8EA001EB95E /* ProfileView.swift in Sources */ = {isa = PBXBuildFile; fileRef = 3A0829EF2B3DE8EA001EB95E /* ProfileView.swift */; };
		3A0829F22B3DE9FD001EB95E /* GoalSelectionView.swift in Sources */ = {isa = PBXBuildFile; fileRef = 3A0829F12B3DE9FD001EB95E /* GoalSelectionView.swift */; };
		3A0829F52B3F603A001EB95E /* ProfileImageView.swift in Sources */ = {isa = PBXBuildFile; fileRef = 3A0829F42B3F603A001EB95E /* ProfileImageView.swift */; };
		3A0829F72B3F620B001EB95E /* UserStatsView.swift in Sources */ = {isa = PBXBuildFile; fileRef = 3A0829F62B3F620B001EB95E /* UserStatsView.swift */; };
		3A22EABF2BD41CD100E0CEBD /* HapticFeedbackProvider.swift in Sources */ = {isa = PBXBuildFile; fileRef = 3A22EABE2BD41CD100E0CEBD /* HapticFeedbackProvider.swift */; };
		3A22EAC22BD4334100E0CEBD /* BarcodeScanner.swift in Sources */ = {isa = PBXBuildFile; fileRef = 3A22EAC12BD4334100E0CEBD /* BarcodeScanner.swift */; };
		3A22EAC42BD4347D00E0CEBD /* AddItemMainView.swift in Sources */ = {isa = PBXBuildFile; fileRef = 3A22EAC32BD4347D00E0CEBD /* AddItemMainView.swift */; };
		3A52A8E52B5C5071001C7B47 /* ImagePicker.swift in Sources */ = {isa = PBXBuildFile; fileRef = 3A52A8E42B5C5071001C7B47 /* ImagePicker.swift */; };
		3A5F84A12B5B680400A1A66C /* WaterIntakeView.swift in Sources */ = {isa = PBXBuildFile; fileRef = 3A5F84A02B5B680400A1A66C /* WaterIntakeView.swift */; };
		3A6CF4A32B6EE7EA00F45A1F /* DailySummaryViewModel.swift in Sources */ = {isa = PBXBuildFile; fileRef = 3A6CF4A22B6EE7EA00F45A1F /* DailySummaryViewModel.swift */; };
		3A9CAD5E2B5DB69300E4F306 /* ViewExtensions.swift in Sources */ = {isa = PBXBuildFile; fileRef = 3A9CAD5D2B5DB69300E4F306 /* ViewExtensions.swift */; };
		3AB88BB52B13F85700739CDC /* MealsView.swift in Sources */ = {isa = PBXBuildFile; fileRef = 3AB88BB42B13F85700739CDC /* MealsView.swift */; };
		3ABA27522B11A8FF00DE4FB1 /* PersistenceController.swift in Sources */ = {isa = PBXBuildFile; fileRef = 3ABA27512B11A8FF00DE4FB1 /* PersistenceController.swift */; };
		3ABA27542B128E4C00DE4FB1 /* NutritionEntryView.swift in Sources */ = {isa = PBXBuildFile; fileRef = 3ABA27532B128E4C00DE4FB1 /* NutritionEntryView.swift */; };
		3ABA27562B12914100DE4FB1 /* DailyLogManager.swift in Sources */ = {isa = PBXBuildFile; fileRef = 3ABA27552B12914100DE4FB1 /* DailyLogManager.swift */; };
		3ABA275D2B12B49400DE4FB1 /* Meal+CoreDataClass.swift in Sources */ = {isa = PBXBuildFile; fileRef = 3ABA27572B12B49400DE4FB1 /* Meal+CoreDataClass.swift */; };
		3ABA275E2B12B49400DE4FB1 /* Meal+CoreDataProperties.swift in Sources */ = {isa = PBXBuildFile; fileRef = 3ABA27582B12B49400DE4FB1 /* Meal+CoreDataProperties.swift */; };
		3ABA275F2B12B49400DE4FB1 /* DailyLog+CoreDataClass.swift in Sources */ = {isa = PBXBuildFile; fileRef = 3ABA27592B12B49400DE4FB1 /* DailyLog+CoreDataClass.swift */; };
		3ABA27602B12B49400DE4FB1 /* DailyLog+CoreDataProperties.swift in Sources */ = {isa = PBXBuildFile; fileRef = 3ABA275A2B12B49400DE4FB1 /* DailyLog+CoreDataProperties.swift */; };
		3ABA27612B12B49400DE4FB1 /* NutritionEntry+CoreDataClass.swift in Sources */ = {isa = PBXBuildFile; fileRef = 3ABA275B2B12B49400DE4FB1 /* NutritionEntry+CoreDataClass.swift */; };
		3ABA27622B12B49400DE4FB1 /* NutritionEntry+CoreDataProperties.swift in Sources */ = {isa = PBXBuildFile; fileRef = 3ABA275C2B12B49400DE4FB1 /* NutritionEntry+CoreDataProperties.swift */; };
		3ABA27652B12CD4000DE4FB1 /* MealSelectionViewModel.swift in Sources */ = {isa = PBXBuildFile; fileRef = 3ABA27642B12CD4000DE4FB1 /* MealSelectionViewModel.swift */; };
		3ABA27672B13091300DE4FB1 /* MealType.swift in Sources */ = {isa = PBXBuildFile; fileRef = 3ABA27662B13091300DE4FB1 /* MealType.swift */; };
		3ABA27692B1318E600DE4FB1 /* SnappingFlowLayout.swift in Sources */ = {isa = PBXBuildFile; fileRef = 3ABA27682B1318E600DE4FB1 /* SnappingFlowLayout.swift */; };
		3ABA276C2B131A7C00DE4FB1 /* DateCollectionViewWrapper.swift in Sources */ = {isa = PBXBuildFile; fileRef = 3ABA276B2B131A7C00DE4FB1 /* DateCollectionViewWrapper.swift */; };
		3AC3C3B42B1F8F5500C5F751 /* DiaryView.swift in Sources */ = {isa = PBXBuildFile; fileRef = 3AC3C3B32B1F8F5500C5F751 /* DiaryView.swift */; };
		3AC3C3B62B1F936500C5F751 /* CustomTabBarView.swift in Sources */ = {isa = PBXBuildFile; fileRef = 3AC3C3B52B1F936500C5F751 /* CustomTabBarView.swift */; };
		3AC3C3BC2B229C8D00C5F751 /* DailySummaryView.swift in Sources */ = {isa = PBXBuildFile; fileRef = 3AC3C3BB2B229C8D00C5F751 /* DailySummaryView.swift */; };
		3AC3C3BF2B242B4F00C5F751 /* TopBarType.swift in Sources */ = {isa = PBXBuildFile; fileRef = 3AC3C3BE2B242B4F00C5F751 /* TopBarType.swift */; };
		3AC3C3C12B242B6B00C5F751 /* DoubleExtensions.swift in Sources */ = {isa = PBXBuildFile; fileRef = 3AC3C3C02B242B6B00C5F751 /* DoubleExtensions.swift */; };
		3AC3C3C32B274AD200C5F751 /* OnboardingView.swift in Sources */ = {isa = PBXBuildFile; fileRef = 3AC3C3C22B274AD200C5F751 /* OnboardingView.swift */; };
		3AC3C3C52B278AA000C5F751 /* HealthKitConsentView.swift in Sources */ = {isa = PBXBuildFile; fileRef = 3AC3C3C42B278AA000C5F751 /* HealthKitConsentView.swift */; };
		3AC3C3C92B2B52C900C5F751 /* MainView.swift in Sources */ = {isa = PBXBuildFile; fileRef = 3AC3C3C82B2B52C900C5F751 /* MainView.swift */; };
		3AC3C3CB2B2B5E3900C5F751 /* PersonalHealthDataFormView.swift in Sources */ = {isa = PBXBuildFile; fileRef = 3AC3C3CA2B2B5E3900C5F751 /* PersonalHealthDataFormView.swift */; };
		3AD9CC802B19449D00B9A23E /* AppTheme.swift in Sources */ = {isa = PBXBuildFile; fileRef = 3AD9CC7F2B19449D00B9A23E /* AppTheme.swift */; };
		3AF36CAC2B106C2300775DF6 /* caloriecounterApp.swift in Sources */ = {isa = PBXBuildFile; fileRef = 3AF36CAB2B106C2300775DF6 /* caloriecounterApp.swift */; };
		3AF36CAE2B106C2300775DF6 /* ContentView.swift in Sources */ = {isa = PBXBuildFile; fileRef = 3AF36CAD2B106C2300775DF6 /* ContentView.swift */; };
		3AF36CB22B106C2400775DF6 /* Assets.xcassets in Resources */ = {isa = PBXBuildFile; fileRef = 3AF36CB12B106C2400775DF6 /* Assets.xcassets */; };
		3AF36CB52B106C2400775DF6 /* Preview Assets.xcassets in Resources */ = {isa = PBXBuildFile; fileRef = 3AF36CB42B106C2400775DF6 /* Preview Assets.xcassets */; };
		3AF36CBF2B106C2500775DF6 /* caloriecounterTests.swift in Sources */ = {isa = PBXBuildFile; fileRef = 3AF36CBE2B106C2500775DF6 /* caloriecounterTests.swift */; };
		3AF36CC92B106C2500775DF6 /* caloriecounterUITests.swift in Sources */ = {isa = PBXBuildFile; fileRef = 3AF36CC82B106C2500775DF6 /* caloriecounterUITests.swift */; };
		3AF36CCB2B106C2500775DF6 /* caloriecounterUITestsLaunchTests.swift in Sources */ = {isa = PBXBuildFile; fileRef = 3AF36CCA2B106C2500775DF6 /* caloriecounterUITestsLaunchTests.swift */; };
		3AF36CDA2B106D6100775DF6 /* TopBarView.swift in Sources */ = {isa = PBXBuildFile; fileRef = 3AF36CD92B106D6100775DF6 /* TopBarView.swift */; };
		3AF36CDC2B106DCB00775DF6 /* CalorieRingView.swift in Sources */ = {isa = PBXBuildFile; fileRef = 3AF36CDB2B106DCB00775DF6 /* CalorieRingView.swift */; };
		3AF36CDE2B106EED00775DF6 /* DateSelectorView.swift in Sources */ = {isa = PBXBuildFile; fileRef = 3AF36CDD2B106EED00775DF6 /* DateSelectorView.swift */; };
		3AF36CE82B106F4700775DF6 /* AddItemFormView.swift in Sources */ = {isa = PBXBuildFile; fileRef = 3AF36CE72B106F4700775DF6 /* AddItemFormView.swift */; };
		3AF36CEA2B106F5300775DF6 /* CalendarView.swift in Sources */ = {isa = PBXBuildFile; fileRef = 3AF36CE92B106F5300775DF6 /* CalendarView.swift */; };
		3AF36CFA2B106FEC00775DF6 /* NutritionDataStore.swift in Sources */ = {isa = PBXBuildFile; fileRef = 3AF36CF92B106FEC00775DF6 /* NutritionDataStore.swift */; };
		3AF36CFC2B106FFA00775DF6 /* SettingsView.swift in Sources */ = {isa = PBXBuildFile; fileRef = 3AF36CFB2B106FFA00775DF6 /* SettingsView.swift */; };
		3AF36CFE2B10750700775DF6 /* MealCardView.swift in Sources */ = {isa = PBXBuildFile; fileRef = 3AF36CFD2B10750700775DF6 /* MealCardView.swift */; };
		3AF36D0A2B119F9B00775DF6 /* NutritionTracker.xcdatamodeld in Sources */ = {isa = PBXBuildFile; fileRef = 3AF36D082B119F9B00775DF6 /* NutritionTracker.xcdatamodeld */; };
		3AF36D242B11A4BF00775DF6 /* UserSettings+CoreDataClass.swift in Sources */ = {isa = PBXBuildFile; fileRef = 3AF36D1C2B11A4BF00775DF6 /* UserSettings+CoreDataClass.swift */; };
		3AF36D252B11A4BF00775DF6 /* UserSettings+CoreDataProperties.swift in Sources */ = {isa = PBXBuildFile; fileRef = 3AF36D1D2B11A4BF00775DF6 /* UserSettings+CoreDataProperties.swift */; };
		3AF67D682B4EA9200013F078 /* CaloricNeedsView.swift in Sources */ = {isa = PBXBuildFile; fileRef = 3AF67D672B4EA9200013F078 /* CaloricNeedsView.swift */; };
		3AF67D6C2B509AFC0013F078 /* AppState.swift in Sources */ = {isa = PBXBuildFile; fileRef = 3AF67D6B2B509AFC0013F078 /* AppState.swift */; };
		3AF67D6E2B59C4CC0013F078 /* MacronutrientView.swift in Sources */ = {isa = PBXBuildFile; fileRef = 3AF67D6D2B59C4CC0013F078 /* MacronutrientView.swift */; };
/* End PBXBuildFile section */

/* Begin PBXContainerItemProxy section */
		3AF36CBB2B106C2500775DF6 /* PBXContainerItemProxy */ = {
			isa = PBXContainerItemProxy;
			containerPortal = 3AF36CA02B106C2300775DF6 /* Project object */;
			proxyType = 1;
			remoteGlobalIDString = 3AF36CA72B106C2300775DF6;
			remoteInfo = caloriecounter;
		};
		3AF36CC52B106C2500775DF6 /* PBXContainerItemProxy */ = {
			isa = PBXContainerItemProxy;
			containerPortal = 3AF36CA02B106C2300775DF6 /* Project object */;
			proxyType = 1;
			remoteGlobalIDString = 3AF36CA72B106C2300775DF6;
			remoteInfo = caloriecounter;
		};
/* End PBXContainerItemProxy section */

/* Begin PBXFileReference section */
		3A0829ED2B2CB66B001EB95E /* UserSettingsManager.swift */ = {isa = PBXFileReference; lastKnownFileType = sourcecode.swift; path = UserSettingsManager.swift; sourceTree = "<group>"; };
		3A0829EF2B3DE8EA001EB95E /* ProfileView.swift */ = {isa = PBXFileReference; lastKnownFileType = sourcecode.swift; path = ProfileView.swift; sourceTree = "<group>"; };
		3A0829F12B3DE9FD001EB95E /* GoalSelectionView.swift */ = {isa = PBXFileReference; lastKnownFileType = sourcecode.swift; path = GoalSelectionView.swift; sourceTree = "<group>"; };
		3A0829F42B3F603A001EB95E /* ProfileImageView.swift */ = {isa = PBXFileReference; lastKnownFileType = sourcecode.swift; path = ProfileImageView.swift; sourceTree = "<group>"; };
		3A0829F62B3F620B001EB95E /* UserStatsView.swift */ = {isa = PBXFileReference; lastKnownFileType = sourcecode.swift; path = UserStatsView.swift; sourceTree = "<group>"; };
		3A22EABE2BD41CD100E0CEBD /* HapticFeedbackProvider.swift */ = {isa = PBXFileReference; fileEncoding = 4; lastKnownFileType = sourcecode.swift; path = HapticFeedbackProvider.swift; sourceTree = "<group>"; };
		3A22EAC12BD4334100E0CEBD /* BarcodeScanner.swift */ = {isa = PBXFileReference; lastKnownFileType = sourcecode.swift; path = BarcodeScanner.swift; sourceTree = "<group>"; };
		3A22EAC32BD4347D00E0CEBD /* AddItemMainView.swift */ = {isa = PBXFileReference; lastKnownFileType = sourcecode.swift; path = AddItemMainView.swift; sourceTree = "<group>"; };
		3A52A8E42B5C5071001C7B47 /* ImagePicker.swift */ = {isa = PBXFileReference; lastKnownFileType = sourcecode.swift; path = ImagePicker.swift; sourceTree = "<group>"; };
		3A5F84A02B5B680400A1A66C /* WaterIntakeView.swift */ = {isa = PBXFileReference; lastKnownFileType = sourcecode.swift; path = WaterIntakeView.swift; sourceTree = "<group>"; };
		3A6CF4A22B6EE7EA00F45A1F /* DailySummaryViewModel.swift */ = {isa = PBXFileReference; lastKnownFileType = sourcecode.swift; path = DailySummaryViewModel.swift; sourceTree = "<group>"; };
		3A9CAD5D2B5DB69300E4F306 /* ViewExtensions.swift */ = {isa = PBXFileReference; lastKnownFileType = sourcecode.swift; path = ViewExtensions.swift; sourceTree = "<group>"; };
		3AB88BB42B13F85700739CDC /* MealsView.swift */ = {isa = PBXFileReference; lastKnownFileType = sourcecode.swift; path = MealsView.swift; sourceTree = "<group>"; };
		3ABA27512B11A8FF00DE4FB1 /* PersistenceController.swift */ = {isa = PBXFileReference; lastKnownFileType = sourcecode.swift; path = PersistenceController.swift; sourceTree = "<group>"; };
		3ABA27532B128E4C00DE4FB1 /* NutritionEntryView.swift */ = {isa = PBXFileReference; lastKnownFileType = sourcecode.swift; path = NutritionEntryView.swift; sourceTree = "<group>"; };
		3ABA27552B12914100DE4FB1 /* DailyLogManager.swift */ = {isa = PBXFileReference; lastKnownFileType = sourcecode.swift; path = DailyLogManager.swift; sourceTree = "<group>"; };
		3ABA27572B12B49400DE4FB1 /* Meal+CoreDataClass.swift */ = {isa = PBXFileReference; lastKnownFileType = sourcecode.swift; path = "Meal+CoreDataClass.swift"; sourceTree = "<group>"; };
		3ABA27582B12B49400DE4FB1 /* Meal+CoreDataProperties.swift */ = {isa = PBXFileReference; lastKnownFileType = sourcecode.swift; path = "Meal+CoreDataProperties.swift"; sourceTree = "<group>"; };
		3ABA27592B12B49400DE4FB1 /* DailyLog+CoreDataClass.swift */ = {isa = PBXFileReference; lastKnownFileType = sourcecode.swift; path = "DailyLog+CoreDataClass.swift"; sourceTree = "<group>"; };
		3ABA275A2B12B49400DE4FB1 /* DailyLog+CoreDataProperties.swift */ = {isa = PBXFileReference; lastKnownFileType = sourcecode.swift; path = "DailyLog+CoreDataProperties.swift"; sourceTree = "<group>"; };
		3ABA275B2B12B49400DE4FB1 /* NutritionEntry+CoreDataClass.swift */ = {isa = PBXFileReference; lastKnownFileType = sourcecode.swift; path = "NutritionEntry+CoreDataClass.swift"; sourceTree = "<group>"; };
		3ABA275C2B12B49400DE4FB1 /* NutritionEntry+CoreDataProperties.swift */ = {isa = PBXFileReference; lastKnownFileType = sourcecode.swift; path = "NutritionEntry+CoreDataProperties.swift"; sourceTree = "<group>"; };
		3ABA27642B12CD4000DE4FB1 /* MealSelectionViewModel.swift */ = {isa = PBXFileReference; lastKnownFileType = sourcecode.swift; path = MealSelectionViewModel.swift; sourceTree = "<group>"; };
		3ABA27662B13091300DE4FB1 /* MealType.swift */ = {isa = PBXFileReference; lastKnownFileType = sourcecode.swift; path = MealType.swift; sourceTree = "<group>"; };
		3ABA27682B1318E600DE4FB1 /* SnappingFlowLayout.swift */ = {isa = PBXFileReference; lastKnownFileType = sourcecode.swift; path = SnappingFlowLayout.swift; sourceTree = "<group>"; };
		3ABA276B2B131A7C00DE4FB1 /* DateCollectionViewWrapper.swift */ = {isa = PBXFileReference; lastKnownFileType = sourcecode.swift; path = DateCollectionViewWrapper.swift; sourceTree = "<group>"; };
		3AC3C3B32B1F8F5500C5F751 /* DiaryView.swift */ = {isa = PBXFileReference; lastKnownFileType = sourcecode.swift; path = DiaryView.swift; sourceTree = "<group>"; };
		3AC3C3B52B1F936500C5F751 /* CustomTabBarView.swift */ = {isa = PBXFileReference; lastKnownFileType = sourcecode.swift; path = CustomTabBarView.swift; sourceTree = "<group>"; };
		3AC3C3BB2B229C8D00C5F751 /* DailySummaryView.swift */ = {isa = PBXFileReference; lastKnownFileType = sourcecode.swift; path = DailySummaryView.swift; sourceTree = "<group>"; };
		3AC3C3BE2B242B4F00C5F751 /* TopBarType.swift */ = {isa = PBXFileReference; lastKnownFileType = sourcecode.swift; path = TopBarType.swift; sourceTree = "<group>"; };
		3AC3C3C02B242B6B00C5F751 /* DoubleExtensions.swift */ = {isa = PBXFileReference; lastKnownFileType = sourcecode.swift; path = DoubleExtensions.swift; sourceTree = "<group>"; };
		3AC3C3C22B274AD200C5F751 /* OnboardingView.swift */ = {isa = PBXFileReference; lastKnownFileType = sourcecode.swift; path = OnboardingView.swift; sourceTree = "<group>"; };
		3AC3C3C42B278AA000C5F751 /* HealthKitConsentView.swift */ = {isa = PBXFileReference; lastKnownFileType = sourcecode.swift; path = HealthKitConsentView.swift; sourceTree = "<group>"; };
		3AC3C3C62B2962A700C5F751 /* caloriecounter.entitlements */ = {isa = PBXFileReference; lastKnownFileType = text.plist.entitlements; path = caloriecounter.entitlements; sourceTree = "<group>"; };
		3AC3C3C72B29637200C5F751 /* Info.plist */ = {isa = PBXFileReference; lastKnownFileType = text.plist; path = Info.plist; sourceTree = "<group>"; };
		3AC3C3C82B2B52C900C5F751 /* MainView.swift */ = {isa = PBXFileReference; lastKnownFileType = sourcecode.swift; path = MainView.swift; sourceTree = "<group>"; };
		3AC3C3CA2B2B5E3900C5F751 /* PersonalHealthDataFormView.swift */ = {isa = PBXFileReference; lastKnownFileType = sourcecode.swift; path = PersonalHealthDataFormView.swift; sourceTree = "<group>"; };
		3AD9CC7F2B19449D00B9A23E /* AppTheme.swift */ = {isa = PBXFileReference; lastKnownFileType = sourcecode.swift; path = AppTheme.swift; sourceTree = "<group>"; };
		3AF36CA82B106C2300775DF6 /* caloriecounter.app */ = {isa = PBXFileReference; explicitFileType = wrapper.application; includeInIndex = 0; path = caloriecounter.app; sourceTree = BUILT_PRODUCTS_DIR; };
		3AF36CAB2B106C2300775DF6 /* caloriecounterApp.swift */ = {isa = PBXFileReference; lastKnownFileType = sourcecode.swift; path = caloriecounterApp.swift; sourceTree = "<group>"; };
		3AF36CAD2B106C2300775DF6 /* ContentView.swift */ = {isa = PBXFileReference; lastKnownFileType = sourcecode.swift; path = ContentView.swift; sourceTree = "<group>"; };
		3AF36CB12B106C2400775DF6 /* Assets.xcassets */ = {isa = PBXFileReference; lastKnownFileType = folder.assetcatalog; path = Assets.xcassets; sourceTree = "<group>"; };
		3AF36CB42B106C2400775DF6 /* Preview Assets.xcassets */ = {isa = PBXFileReference; lastKnownFileType = folder.assetcatalog; path = "Preview Assets.xcassets"; sourceTree = "<group>"; };
		3AF36CBA2B106C2500775DF6 /* caloriecounterTests.xctest */ = {isa = PBXFileReference; explicitFileType = wrapper.cfbundle; includeInIndex = 0; path = caloriecounterTests.xctest; sourceTree = BUILT_PRODUCTS_DIR; };
		3AF36CBE2B106C2500775DF6 /* caloriecounterTests.swift */ = {isa = PBXFileReference; lastKnownFileType = sourcecode.swift; path = caloriecounterTests.swift; sourceTree = "<group>"; };
		3AF36CC42B106C2500775DF6 /* caloriecounterUITests.xctest */ = {isa = PBXFileReference; explicitFileType = wrapper.cfbundle; includeInIndex = 0; path = caloriecounterUITests.xctest; sourceTree = BUILT_PRODUCTS_DIR; };
		3AF36CC82B106C2500775DF6 /* caloriecounterUITests.swift */ = {isa = PBXFileReference; lastKnownFileType = sourcecode.swift; path = caloriecounterUITests.swift; sourceTree = "<group>"; };
		3AF36CCA2B106C2500775DF6 /* caloriecounterUITestsLaunchTests.swift */ = {isa = PBXFileReference; lastKnownFileType = sourcecode.swift; path = caloriecounterUITestsLaunchTests.swift; sourceTree = "<group>"; };
		3AF36CD92B106D6100775DF6 /* TopBarView.swift */ = {isa = PBXFileReference; lastKnownFileType = sourcecode.swift; path = TopBarView.swift; sourceTree = "<group>"; };
		3AF36CDB2B106DCB00775DF6 /* CalorieRingView.swift */ = {isa = PBXFileReference; lastKnownFileType = sourcecode.swift; path = CalorieRingView.swift; sourceTree = "<group>"; };
		3AF36CDD2B106EED00775DF6 /* DateSelectorView.swift */ = {isa = PBXFileReference; lastKnownFileType = sourcecode.swift; path = DateSelectorView.swift; sourceTree = "<group>"; };
		3AF36CE72B106F4700775DF6 /* AddItemFormView.swift */ = {isa = PBXFileReference; lastKnownFileType = sourcecode.swift; path = AddItemFormView.swift; sourceTree = "<group>"; };
		3AF36CE92B106F5300775DF6 /* CalendarView.swift */ = {isa = PBXFileReference; lastKnownFileType = sourcecode.swift; path = CalendarView.swift; sourceTree = "<group>"; };
		3AF36CF92B106FEC00775DF6 /* NutritionDataStore.swift */ = {isa = PBXFileReference; lastKnownFileType = sourcecode.swift; path = NutritionDataStore.swift; sourceTree = "<group>"; };
		3AF36CFB2B106FFA00775DF6 /* SettingsView.swift */ = {isa = PBXFileReference; lastKnownFileType = sourcecode.swift; path = SettingsView.swift; sourceTree = "<group>"; };
		3AF36CFD2B10750700775DF6 /* MealCardView.swift */ = {isa = PBXFileReference; lastKnownFileType = sourcecode.swift; path = MealCardView.swift; sourceTree = "<group>"; };
		3AF36D092B119F9B00775DF6 /* Model.xcdatamodel */ = {isa = PBXFileReference; explicitFileType = wrapper.xcdatamodel; path = Model.xcdatamodel; sourceTree = "<group>"; };
		3AF36D1C2B11A4BF00775DF6 /* UserSettings+CoreDataClass.swift */ = {isa = PBXFileReference; lastKnownFileType = sourcecode.swift; path = "UserSettings+CoreDataClass.swift"; sourceTree = "<group>"; };
		3AF36D1D2B11A4BF00775DF6 /* UserSettings+CoreDataProperties.swift */ = {isa = PBXFileReference; lastKnownFileType = sourcecode.swift; path = "UserSettings+CoreDataProperties.swift"; sourceTree = "<group>"; };
		3AF67D672B4EA9200013F078 /* CaloricNeedsView.swift */ = {isa = PBXFileReference; lastKnownFileType = sourcecode.swift; path = CaloricNeedsView.swift; sourceTree = "<group>"; };
		3AF67D6B2B509AFC0013F078 /* AppState.swift */ = {isa = PBXFileReference; lastKnownFileType = sourcecode.swift; path = AppState.swift; sourceTree = "<group>"; };
		3AF67D6D2B59C4CC0013F078 /* MacronutrientView.swift */ = {isa = PBXFileReference; lastKnownFileType = sourcecode.swift; path = MacronutrientView.swift; sourceTree = "<group>"; };
/* End PBXFileReference section */

/* Begin PBXFrameworksBuildPhase section */
		3AF36CA52B106C2300775DF6 /* Frameworks */ = {
			isa = PBXFrameworksBuildPhase;
			buildActionMask = 2147483647;
			files = (
			);
			runOnlyForDeploymentPostprocessing = 0;
		};
		3AF36CB72B106C2500775DF6 /* Frameworks */ = {
			isa = PBXFrameworksBuildPhase;
			buildActionMask = 2147483647;
			files = (
			);
			runOnlyForDeploymentPostprocessing = 0;
		};
		3AF36CC12B106C2500775DF6 /* Frameworks */ = {
			isa = PBXFrameworksBuildPhase;
			buildActionMask = 2147483647;
			files = (
			);
			runOnlyForDeploymentPostprocessing = 0;
		};
/* End PBXFrameworksBuildPhase section */

/* Begin PBXGroup section */
		3A0829F32B3F5F44001EB95E /* Onboarding */ = {
			isa = PBXGroup;
			children = (
				3AC3C3C22B274AD200C5F751 /* OnboardingView.swift */,
				3AC3C3C42B278AA000C5F751 /* HealthKitConsentView.swift */,
			);
			path = Onboarding;
			sourceTree = "<group>";
		};
		3A17D54D2B93B98700D74874 /* Admin */ = {
			isa = PBXGroup;
			children = (
				3AC3C3C82B2B52C900C5F751 /* MainView.swift */,
				3AC3C3B52B1F936500C5F751 /* CustomTabBarView.swift */,
				3AF67D6B2B509AFC0013F078 /* AppState.swift */,
				3AC3C3BD2B22A90300C5F751 /* Calendar */,
				3A0829F32B3F5F44001EB95E /* Onboarding */,
			);
			path = Admin;
			sourceTree = "<group>";
		};
		3A17D54E2B93B9C100D74874 /* Health Forms */ = {
			isa = PBXGroup;
			children = (
				3AC3C3CA2B2B5E3900C5F751 /* PersonalHealthDataFormView.swift */,
				3A0829F12B3DE9FD001EB95E /* GoalSelectionView.swift */,
			);
			path = "Health Forms";
			sourceTree = "<group>";
		};
		3A17D54F2B93BAAC00D74874 /* Views */ = {
			isa = PBXGroup;
			children = (
				3A17D54D2B93B98700D74874 /* Admin */,
				3AD9CC812B1D0A4C00B9A23E /* Diary */,
				3AD9CC832B1D0ABE00B9A23E /* Summary  */,
				3AD9CC842B1D0AD300B9A23E /* Profile */,
			);
			path = Views;
			sourceTree = "<group>";
		};
		3A22EAC02BD432F900E0CEBD /* Logging */ = {
			isa = PBXGroup;
			children = (
				3AF36CE72B106F4700775DF6 /* AddItemFormView.swift */,
				3A22EAC12BD4334100E0CEBD /* BarcodeScanner.swift */,
				3A22EAC32BD4347D00E0CEBD /* AddItemMainView.swift */,
			);
			path = Logging;
			sourceTree = "<group>";
		};
		3ABA27502B11A8C600DE4FB1 /* CoreData Models */ = {
			isa = PBXGroup;
			children = (
				3AF36D082B119F9B00775DF6 /* NutritionTracker.xcdatamodeld */,
				3ABA27572B12B49400DE4FB1 /* Meal+CoreDataClass.swift */,
				3ABA27582B12B49400DE4FB1 /* Meal+CoreDataProperties.swift */,
				3ABA27592B12B49400DE4FB1 /* DailyLog+CoreDataClass.swift */,
				3ABA275A2B12B49400DE4FB1 /* DailyLog+CoreDataProperties.swift */,
				3ABA275B2B12B49400DE4FB1 /* NutritionEntry+CoreDataClass.swift */,
				3ABA275C2B12B49400DE4FB1 /* NutritionEntry+CoreDataProperties.swift */,
				3AF36D1C2B11A4BF00775DF6 /* UserSettings+CoreDataClass.swift */,
				3AF36D1D2B11A4BF00775DF6 /* UserSettings+CoreDataProperties.swift */,
			);
			path = "CoreData Models";
			sourceTree = "<group>";
		};
		3ABA276A2B131A0A00DE4FB1 /* UI Kit DateViews */ = {
			isa = PBXGroup;
			children = (
				3ABA27682B1318E600DE4FB1 /* SnappingFlowLayout.swift */,
				3ABA276B2B131A7C00DE4FB1 /* DateCollectionViewWrapper.swift */,
			);
			path = "UI Kit DateViews";
			sourceTree = "<group>";
		};
		3AC3C3BD2B22A90300C5F751 /* Calendar */ = {
			isa = PBXGroup;
			children = (
				3AF36CD92B106D6100775DF6 /* TopBarView.swift */,
				3AF36CDD2B106EED00775DF6 /* DateSelectorView.swift */,
				3AF36CE92B106F5300775DF6 /* CalendarView.swift */,
				3AC3C3BE2B242B4F00C5F751 /* TopBarType.swift */,
				3ABA276A2B131A0A00DE4FB1 /* UI Kit DateViews */,
			);
			path = Calendar;
			sourceTree = "<group>";
		};
		3AD9CC812B1D0A4C00B9A23E /* Diary */ = {
			isa = PBXGroup;
			children = (
				3AC3C3B32B1F8F5500C5F751 /* DiaryView.swift */,
				3AB88BB42B13F85700739CDC /* MealsView.swift */,
				3AF36CFD2B10750700775DF6 /* MealCardView.swift */,
				3ABA27532B128E4C00DE4FB1 /* NutritionEntryView.swift */,
				3A5F84A02B5B680400A1A66C /* WaterIntakeView.swift */,
				3ABA27642B12CD4000DE4FB1 /* MealSelectionViewModel.swift */,
				3ABA27662B13091300DE4FB1 /* MealType.swift */,
				3A22EAC02BD432F900E0CEBD /* Logging */,
			);
			path = Diary;
			sourceTree = "<group>";
		};
		3AD9CC822B1D0AA100B9A23E /* Supporting Files */ = {
			isa = PBXGroup;
			children = (
				3A22EABE2BD41CD100E0CEBD /* HapticFeedbackProvider.swift */,
				3A52A8E42B5C5071001C7B47 /* ImagePicker.swift */,
				3AD9CC7F2B19449D00B9A23E /* AppTheme.swift */,
				3AC3C3C02B242B6B00C5F751 /* DoubleExtensions.swift */,
				3A9CAD5D2B5DB69300E4F306 /* ViewExtensions.swift */,
			);
			path = "Supporting Files";
			sourceTree = "<group>";
		};
		3AD9CC832B1D0ABE00B9A23E /* Summary  */ = {
			isa = PBXGroup;
			children = (
				3AC3C3BB2B229C8D00C5F751 /* DailySummaryView.swift */,
				3A6CF4A22B6EE7EA00F45A1F /* DailySummaryViewModel.swift */,
				3AF36CDB2B106DCB00775DF6 /* CalorieRingView.swift */,
				3AF67D6D2B59C4CC0013F078 /* MacronutrientView.swift */,
			);
			path = "Summary ";
			sourceTree = "<group>";
		};
		3AD9CC842B1D0AD300B9A23E /* Profile */ = {
			isa = PBXGroup;
			children = (
				3AF36CFB2B106FFA00775DF6 /* SettingsView.swift */,
				3A0829EF2B3DE8EA001EB95E /* ProfileView.swift */,
				3A0829F42B3F603A001EB95E /* ProfileImageView.swift */,
				3A0829F62B3F620B001EB95E /* UserStatsView.swift */,
				3AF67D672B4EA9200013F078 /* CaloricNeedsView.swift */,
				3A17D54E2B93B9C100D74874 /* Health Forms */,
			);
			path = Profile;
			sourceTree = "<group>";
		};
		3AF36C9F2B106C2300775DF6 = {
			isa = PBXGroup;
			children = (
				3AF36CAA2B106C2300775DF6 /* caloriecounter */,
				3AF36CA92B106C2300775DF6 /* Products */,
			);
			sourceTree = "<group>";
		};
		3AF36CA92B106C2300775DF6 /* Products */ = {
			isa = PBXGroup;
			children = (
				3AF36CA82B106C2300775DF6 /* caloriecounter.app */,
				3AF36CBA2B106C2500775DF6 /* caloriecounterTests.xctest */,
				3AF36CC42B106C2500775DF6 /* caloriecounterUITests.xctest */,
			);
			name = Products;
			sourceTree = "<group>";
		};
		3AF36CAA2B106C2300775DF6 /* caloriecounter */ = {
			isa = PBXGroup;
			children = (
				3AC3C3C72B29637200C5F751 /* Info.plist */,
				3AC3C3C62B2962A700C5F751 /* caloriecounter.entitlements */,
				3AF36CAB2B106C2300775DF6 /* caloriecounterApp.swift */,
				3AF36CAD2B106C2300775DF6 /* ContentView.swift */,
				3A17D54F2B93BAAC00D74874 /* Views */,
				3AF36D072B119F3E00775DF6 /* Data Management */,
				3ABA27502B11A8C600DE4FB1 /* CoreData Models */,
				3AD9CC822B1D0AA100B9A23E /* Supporting Files */,
				3AF36CB12B106C2400775DF6 /* Assets.xcassets */,
				3AF36CB32B106C2400775DF6 /* Preview Content */,
				3AF36CBD2B106C2500775DF6 /* caloriecounterTests */,
				3AF36CC72B106C2500775DF6 /* caloriecounterUITests */,
			);
			path = caloriecounter;
			sourceTree = "<group>";
		};
		3AF36CB32B106C2400775DF6 /* Preview Content */ = {
			isa = PBXGroup;
			children = (
				3AF36CB42B106C2400775DF6 /* Preview Assets.xcassets */,
			);
			path = "Preview Content";
			sourceTree = "<group>";
		};
		3AF36CBD2B106C2500775DF6 /* caloriecounterTests */ = {
			isa = PBXGroup;
			children = (
				3AF36CBE2B106C2500775DF6 /* caloriecounterTests.swift */,
			);
			path = caloriecounterTests;
			sourceTree = "<group>";
		};
		3AF36CC72B106C2500775DF6 /* caloriecounterUITests */ = {
			isa = PBXGroup;
			children = (
				3AF36CC82B106C2500775DF6 /* caloriecounterUITests.swift */,
				3AF36CCA2B106C2500775DF6 /* caloriecounterUITestsLaunchTests.swift */,
			);
			path = caloriecounterUITests;
			sourceTree = "<group>";
		};
		3AF36D072B119F3E00775DF6 /* Data Management */ = {
			isa = PBXGroup;
			children = (
				3ABA27552B12914100DE4FB1 /* DailyLogManager.swift */,
				3A0829ED2B2CB66B001EB95E /* UserSettingsManager.swift */,
				3AF36CF92B106FEC00775DF6 /* NutritionDataStore.swift */,
				3ABA27512B11A8FF00DE4FB1 /* PersistenceController.swift */,
			);
			path = "Data Management";
			sourceTree = "<group>";
		};
/* End PBXGroup section */

/* Begin PBXNativeTarget section */
		3AF36CA72B106C2300775DF6 /* caloriecounter */ = {
			isa = PBXNativeTarget;
			buildConfigurationList = 3AF36CCE2B106C2500775DF6 /* Build configuration list for PBXNativeTarget "caloriecounter" */;
			buildPhases = (
				3AF36CA42B106C2300775DF6 /* Sources */,
				3AF36CA52B106C2300775DF6 /* Frameworks */,
				3AF36CA62B106C2300775DF6 /* Resources */,
			);
			buildRules = (
			);
			dependencies = (
			);
			name = caloriecounter;
			productName = caloriecounter;
			productReference = 3AF36CA82B106C2300775DF6 /* caloriecounter.app */;
			productType = "com.apple.product-type.application";
		};
		3AF36CB92B106C2500775DF6 /* caloriecounterTests */ = {
			isa = PBXNativeTarget;
			buildConfigurationList = 3AF36CD12B106C2500775DF6 /* Build configuration list for PBXNativeTarget "caloriecounterTests" */;
			buildPhases = (
				3AF36CB62B106C2500775DF6 /* Sources */,
				3AF36CB72B106C2500775DF6 /* Frameworks */,
				3AF36CB82B106C2500775DF6 /* Resources */,
			);
			buildRules = (
			);
			dependencies = (
				3AF36CBC2B106C2500775DF6 /* PBXTargetDependency */,
			);
			name = caloriecounterTests;
			productName = caloriecounterTests;
			productReference = 3AF36CBA2B106C2500775DF6 /* caloriecounterTests.xctest */;
			productType = "com.apple.product-type.bundle.unit-test";
		};
		3AF36CC32B106C2500775DF6 /* caloriecounterUITests */ = {
			isa = PBXNativeTarget;
			buildConfigurationList = 3AF36CD42B106C2500775DF6 /* Build configuration list for PBXNativeTarget "caloriecounterUITests" */;
			buildPhases = (
				3AF36CC02B106C2500775DF6 /* Sources */,
				3AF36CC12B106C2500775DF6 /* Frameworks */,
				3AF36CC22B106C2500775DF6 /* Resources */,
			);
			buildRules = (
			);
			dependencies = (
				3AF36CC62B106C2500775DF6 /* PBXTargetDependency */,
			);
			name = caloriecounterUITests;
			productName = caloriecounterUITests;
			productReference = 3AF36CC42B106C2500775DF6 /* caloriecounterUITests.xctest */;
			productType = "com.apple.product-type.bundle.ui-testing";
		};
/* End PBXNativeTarget section */

/* Begin PBXProject section */
		3AF36CA02B106C2300775DF6 /* Project object */ = {
			isa = PBXProject;
			attributes = {
				BuildIndependentTargetsInParallel = 1;
				LastSwiftUpdateCheck = 1500;
				LastUpgradeCheck = 1500;
				TargetAttributes = {
					3AF36CA72B106C2300775DF6 = {
						CreatedOnToolsVersion = 15.0.1;
					};
					3AF36CB92B106C2500775DF6 = {
						CreatedOnToolsVersion = 15.0.1;
						TestTargetID = 3AF36CA72B106C2300775DF6;
					};
					3AF36CC32B106C2500775DF6 = {
						CreatedOnToolsVersion = 15.0.1;
						TestTargetID = 3AF36CA72B106C2300775DF6;
					};
				};
			};
			buildConfigurationList = 3AF36CA32B106C2300775DF6 /* Build configuration list for PBXProject "caloriecounter" */;
			compatibilityVersion = "Xcode 14.0";
			developmentRegion = en;
			hasScannedForEncodings = 0;
			knownRegions = (
				en,
				Base,
			);
			mainGroup = 3AF36C9F2B106C2300775DF6;
			productRefGroup = 3AF36CA92B106C2300775DF6 /* Products */;
			projectDirPath = "";
			projectRoot = "";
			targets = (
				3AF36CA72B106C2300775DF6 /* caloriecounter */,
				3AF36CB92B106C2500775DF6 /* caloriecounterTests */,
				3AF36CC32B106C2500775DF6 /* caloriecounterUITests */,
			);
		};
/* End PBXProject section */

/* Begin PBXResourcesBuildPhase section */
		3AF36CA62B106C2300775DF6 /* Resources */ = {
			isa = PBXResourcesBuildPhase;
			buildActionMask = 2147483647;
			files = (
				3AF36CB52B106C2400775DF6 /* Preview Assets.xcassets in Resources */,
				3AF36CB22B106C2400775DF6 /* Assets.xcassets in Resources */,
			);
			runOnlyForDeploymentPostprocessing = 0;
		};
		3AF36CB82B106C2500775DF6 /* Resources */ = {
			isa = PBXResourcesBuildPhase;
			buildActionMask = 2147483647;
			files = (
			);
			runOnlyForDeploymentPostprocessing = 0;
		};
		3AF36CC22B106C2500775DF6 /* Resources */ = {
			isa = PBXResourcesBuildPhase;
			buildActionMask = 2147483647;
			files = (
			);
			runOnlyForDeploymentPostprocessing = 0;
		};
/* End PBXResourcesBuildPhase section */

/* Begin PBXSourcesBuildPhase section */
		3AF36CA42B106C2300775DF6 /* Sources */ = {
			isa = PBXSourcesBuildPhase;
			buildActionMask = 2147483647;
			files = (
				3A22EAC22BD4334100E0CEBD /* BarcodeScanner.swift in Sources */,
				3AC3C3C52B278AA000C5F751 /* HealthKitConsentView.swift in Sources */,
				3ABA27542B128E4C00DE4FB1 /* NutritionEntryView.swift in Sources */,
				3AF36CAE2B106C2300775DF6 /* ContentView.swift in Sources */,
				3A0829F72B3F620B001EB95E /* UserStatsView.swift in Sources */,
				3ABA27672B13091300DE4FB1 /* MealType.swift in Sources */,
				3AC3C3BC2B229C8D00C5F751 /* DailySummaryView.swift in Sources */,
				3AD9CC802B19449D00B9A23E /* AppTheme.swift in Sources */,
				3A0829EE2B2CB66B001EB95E /* UserSettingsManager.swift in Sources */,
				3AC3C3CB2B2B5E3900C5F751 /* PersonalHealthDataFormView.swift in Sources */,
				3AF36CE82B106F4700775DF6 /* AddItemFormView.swift in Sources */,
				3A0829F22B3DE9FD001EB95E /* GoalSelectionView.swift in Sources */,
				3ABA27612B12B49400DE4FB1 /* NutritionEntry+CoreDataClass.swift in Sources */,
				3AF36CDA2B106D6100775DF6 /* TopBarView.swift in Sources */,
				3AF36CFA2B106FEC00775DF6 /* NutritionDataStore.swift in Sources */,
				3ABA27692B1318E600DE4FB1 /* SnappingFlowLayout.swift in Sources */,
				3ABA27522B11A8FF00DE4FB1 /* PersistenceController.swift in Sources */,
				3A52A8E52B5C5071001C7B47 /* ImagePicker.swift in Sources */,
				3A9CAD5E2B5DB69300E4F306 /* ViewExtensions.swift in Sources */,
				3AF67D6C2B509AFC0013F078 /* AppState.swift in Sources */,
				3AF36D0A2B119F9B00775DF6 /* NutritionTracker.xcdatamodeld in Sources */,
				3AF36CDE2B106EED00775DF6 /* DateSelectorView.swift in Sources */,
				3AF36D252B11A4BF00775DF6 /* UserSettings+CoreDataProperties.swift in Sources */,
				3AC3C3C32B274AD200C5F751 /* OnboardingView.swift in Sources */,
				3A22EAC42BD4347D00E0CEBD /* AddItemMainView.swift in Sources */,
				3ABA275F2B12B49400DE4FB1 /* DailyLog+CoreDataClass.swift in Sources */,
				3AF36D242B11A4BF00775DF6 /* UserSettings+CoreDataClass.swift in Sources */,
				3AF36CEA2B106F5300775DF6 /* CalendarView.swift in Sources */,
				3AB88BB52B13F85700739CDC /* MealsView.swift in Sources */,
				3ABA27622B12B49400DE4FB1 /* NutritionEntry+CoreDataProperties.swift in Sources */,
				3ABA27602B12B49400DE4FB1 /* DailyLog+CoreDataProperties.swift in Sources */,
				3AC3C3B62B1F936500C5F751 /* CustomTabBarView.swift in Sources */,
				3A22EABF2BD41CD100E0CEBD /* HapticFeedbackProvider.swift in Sources */,
				3AF67D682B4EA9200013F078 /* CaloricNeedsView.swift in Sources */,
				3AC3C3C92B2B52C900C5F751 /* MainView.swift in Sources */,
				3ABA275E2B12B49400DE4FB1 /* Meal+CoreDataProperties.swift in Sources */,
				3AF36CAC2B106C2300775DF6 /* caloriecounterApp.swift in Sources */,
				3ABA275D2B12B49400DE4FB1 /* Meal+CoreDataClass.swift in Sources */,
				3ABA276C2B131A7C00DE4FB1 /* DateCollectionViewWrapper.swift in Sources */,
				3A6CF4A32B6EE7EA00F45A1F /* DailySummaryViewModel.swift in Sources */,
				3AC3C3BF2B242B4F00C5F751 /* TopBarType.swift in Sources */,
				3A0829F02B3DE8EA001EB95E /* ProfileView.swift in Sources */,
				3ABA27652B12CD4000DE4FB1 /* MealSelectionViewModel.swift in Sources */,
				3AF36CDC2B106DCB00775DF6 /* CalorieRingView.swift in Sources */,
				3A0829F52B3F603A001EB95E /* ProfileImageView.swift in Sources */,
				3AF36CFE2B10750700775DF6 /* MealCardView.swift in Sources */,
				3A5F84A12B5B680400A1A66C /* WaterIntakeView.swift in Sources */,
				3AF36CFC2B106FFA00775DF6 /* SettingsView.swift in Sources */,
				3AC3C3C12B242B6B00C5F751 /* DoubleExtensions.swift in Sources */,
				3AC3C3B42B1F8F5500C5F751 /* DiaryView.swift in Sources */,
				3AF67D6E2B59C4CC0013F078 /* MacronutrientView.swift in Sources */,
				3ABA27562B12914100DE4FB1 /* DailyLogManager.swift in Sources */,
			);
			runOnlyForDeploymentPostprocessing = 0;
		};
		3AF36CB62B106C2500775DF6 /* Sources */ = {
			isa = PBXSourcesBuildPhase;
			buildActionMask = 2147483647;
			files = (
				3AF36CBF2B106C2500775DF6 /* caloriecounterTests.swift in Sources */,
			);
			runOnlyForDeploymentPostprocessing = 0;
		};
		3AF36CC02B106C2500775DF6 /* Sources */ = {
			isa = PBXSourcesBuildPhase;
			buildActionMask = 2147483647;
			files = (
				3AF36CC92B106C2500775DF6 /* caloriecounterUITests.swift in Sources */,
				3AF36CCB2B106C2500775DF6 /* caloriecounterUITestsLaunchTests.swift in Sources */,
			);
			runOnlyForDeploymentPostprocessing = 0;
		};
/* End PBXSourcesBuildPhase section */

/* Begin PBXTargetDependency section */
		3AF36CBC2B106C2500775DF6 /* PBXTargetDependency */ = {
			isa = PBXTargetDependency;
			target = 3AF36CA72B106C2300775DF6 /* caloriecounter */;
			targetProxy = 3AF36CBB2B106C2500775DF6 /* PBXContainerItemProxy */;
		};
		3AF36CC62B106C2500775DF6 /* PBXTargetDependency */ = {
			isa = PBXTargetDependency;
			target = 3AF36CA72B106C2300775DF6 /* caloriecounter */;
			targetProxy = 3AF36CC52B106C2500775DF6 /* PBXContainerItemProxy */;
		};
/* End PBXTargetDependency section */

/* Begin XCBuildConfiguration section */
		3AF36CCC2B106C2500775DF6 /* Debug */ = {
			isa = XCBuildConfiguration;
			buildSettings = {
				ALWAYS_SEARCH_USER_PATHS = NO;
				ASSETCATALOG_COMPILER_GENERATE_SWIFT_ASSET_SYMBOL_EXTENSIONS = YES;
				CLANG_ANALYZER_NONNULL = YES;
				CLANG_ANALYZER_NUMBER_OBJECT_CONVERSION = YES_AGGRESSIVE;
				CLANG_CXX_LANGUAGE_STANDARD = "gnu++20";
				CLANG_ENABLE_MODULES = YES;
				CLANG_ENABLE_OBJC_ARC = YES;
				CLANG_ENABLE_OBJC_WEAK = YES;
				CLANG_WARN_BLOCK_CAPTURE_AUTORELEASING = YES;
				CLANG_WARN_BOOL_CONVERSION = YES;
				CLANG_WARN_COMMA = YES;
				CLANG_WARN_CONSTANT_CONVERSION = YES;
				CLANG_WARN_DEPRECATED_OBJC_IMPLEMENTATIONS = YES;
				CLANG_WARN_DIRECT_OBJC_ISA_USAGE = YES_ERROR;
				CLANG_WARN_DOCUMENTATION_COMMENTS = YES;
				CLANG_WARN_EMPTY_BODY = YES;
				CLANG_WARN_ENUM_CONVERSION = YES;
				CLANG_WARN_INFINITE_RECURSION = YES;
				CLANG_WARN_INT_CONVERSION = YES;
				CLANG_WARN_NON_LITERAL_NULL_CONVERSION = YES;
				CLANG_WARN_OBJC_IMPLICIT_RETAIN_SELF = YES;
				CLANG_WARN_OBJC_LITERAL_CONVERSION = YES;
				CLANG_WARN_OBJC_ROOT_CLASS = YES_ERROR;
				CLANG_WARN_QUOTED_INCLUDE_IN_FRAMEWORK_HEADER = YES;
				CLANG_WARN_RANGE_LOOP_ANALYSIS = YES;
				CLANG_WARN_STRICT_PROTOTYPES = YES;
				CLANG_WARN_SUSPICIOUS_MOVE = YES;
				CLANG_WARN_UNGUARDED_AVAILABILITY = YES_AGGRESSIVE;
				CLANG_WARN_UNREACHABLE_CODE = YES;
				CLANG_WARN__DUPLICATE_METHOD_MATCH = YES;
				COPY_PHASE_STRIP = NO;
				DEBUG_INFORMATION_FORMAT = dwarf;
				ENABLE_STRICT_OBJC_MSGSEND = YES;
				ENABLE_TESTABILITY = YES;
				ENABLE_USER_SCRIPT_SANDBOXING = YES;
				GCC_C_LANGUAGE_STANDARD = gnu17;
				GCC_DYNAMIC_NO_PIC = NO;
				GCC_NO_COMMON_BLOCKS = YES;
				GCC_OPTIMIZATION_LEVEL = 0;
				GCC_PREPROCESSOR_DEFINITIONS = (
					"DEBUG=1",
					"$(inherited)",
				);
				GCC_WARN_64_TO_32_BIT_CONVERSION = YES;
				GCC_WARN_ABOUT_RETURN_TYPE = YES_ERROR;
				GCC_WARN_UNDECLARED_SELECTOR = YES;
				GCC_WARN_UNINITIALIZED_AUTOS = YES_AGGRESSIVE;
				GCC_WARN_UNUSED_FUNCTION = YES;
				GCC_WARN_UNUSED_VARIABLE = YES;
				IPHONEOS_DEPLOYMENT_TARGET = 17.0;
				LOCALIZATION_PREFERS_STRING_CATALOGS = YES;
				MTL_ENABLE_DEBUG_INFO = INCLUDE_SOURCE;
				MTL_FAST_MATH = YES;
				ONLY_ACTIVE_ARCH = YES;
				SDKROOT = iphoneos;
				SWIFT_ACTIVE_COMPILATION_CONDITIONS = "DEBUG $(inherited)";
				SWIFT_OPTIMIZATION_LEVEL = "-Onone";
			};
			name = Debug;
		};
		3AF36CCD2B106C2500775DF6 /* Release */ = {
			isa = XCBuildConfiguration;
			buildSettings = {
				ALWAYS_SEARCH_USER_PATHS = NO;
				ASSETCATALOG_COMPILER_GENERATE_SWIFT_ASSET_SYMBOL_EXTENSIONS = YES;
				CLANG_ANALYZER_NONNULL = YES;
				CLANG_ANALYZER_NUMBER_OBJECT_CONVERSION = YES_AGGRESSIVE;
				CLANG_CXX_LANGUAGE_STANDARD = "gnu++20";
				CLANG_ENABLE_MODULES = YES;
				CLANG_ENABLE_OBJC_ARC = YES;
				CLANG_ENABLE_OBJC_WEAK = YES;
				CLANG_WARN_BLOCK_CAPTURE_AUTORELEASING = YES;
				CLANG_WARN_BOOL_CONVERSION = YES;
				CLANG_WARN_COMMA = YES;
				CLANG_WARN_CONSTANT_CONVERSION = YES;
				CLANG_WARN_DEPRECATED_OBJC_IMPLEMENTATIONS = YES;
				CLANG_WARN_DIRECT_OBJC_ISA_USAGE = YES_ERROR;
				CLANG_WARN_DOCUMENTATION_COMMENTS = YES;
				CLANG_WARN_EMPTY_BODY = YES;
				CLANG_WARN_ENUM_CONVERSION = YES;
				CLANG_WARN_INFINITE_RECURSION = YES;
				CLANG_WARN_INT_CONVERSION = YES;
				CLANG_WARN_NON_LITERAL_NULL_CONVERSION = YES;
				CLANG_WARN_OBJC_IMPLICIT_RETAIN_SELF = YES;
				CLANG_WARN_OBJC_LITERAL_CONVERSION = YES;
				CLANG_WARN_OBJC_ROOT_CLASS = YES_ERROR;
				CLANG_WARN_QUOTED_INCLUDE_IN_FRAMEWORK_HEADER = YES;
				CLANG_WARN_RANGE_LOOP_ANALYSIS = YES;
				CLANG_WARN_STRICT_PROTOTYPES = YES;
				CLANG_WARN_SUSPICIOUS_MOVE = YES;
				CLANG_WARN_UNGUARDED_AVAILABILITY = YES_AGGRESSIVE;
				CLANG_WARN_UNREACHABLE_CODE = YES;
				CLANG_WARN__DUPLICATE_METHOD_MATCH = YES;
				COPY_PHASE_STRIP = NO;
				DEBUG_INFORMATION_FORMAT = "dwarf-with-dsym";
				ENABLE_NS_ASSERTIONS = NO;
				ENABLE_STRICT_OBJC_MSGSEND = YES;
				ENABLE_USER_SCRIPT_SANDBOXING = YES;
				GCC_C_LANGUAGE_STANDARD = gnu17;
				GCC_NO_COMMON_BLOCKS = YES;
				GCC_WARN_64_TO_32_BIT_CONVERSION = YES;
				GCC_WARN_ABOUT_RETURN_TYPE = YES_ERROR;
				GCC_WARN_UNDECLARED_SELECTOR = YES;
				GCC_WARN_UNINITIALIZED_AUTOS = YES_AGGRESSIVE;
				GCC_WARN_UNUSED_FUNCTION = YES;
				GCC_WARN_UNUSED_VARIABLE = YES;
				IPHONEOS_DEPLOYMENT_TARGET = 17.0;
				LOCALIZATION_PREFERS_STRING_CATALOGS = YES;
				MTL_ENABLE_DEBUG_INFO = NO;
				MTL_FAST_MATH = YES;
				SDKROOT = iphoneos;
				SWIFT_COMPILATION_MODE = wholemodule;
				VALIDATE_PRODUCT = YES;
			};
			name = Release;
		};
		3AF36CCF2B106C2500775DF6 /* Debug */ = {
			isa = XCBuildConfiguration;
			buildSettings = {
				ASSETCATALOG_COMPILER_APPICON_NAME = AppIcon;
				ASSETCATALOG_COMPILER_GLOBAL_ACCENT_COLOR_NAME = AccentColor;
				CODE_SIGN_ENTITLEMENTS = caloriecounter/caloriecounter.entitlements;
				CODE_SIGN_IDENTITY = "Apple Development";
				CODE_SIGN_STYLE = Automatic;
				CURRENT_PROJECT_VERSION = 1;
				DEVELOPMENT_ASSET_PATHS = "\"caloriecounter/Preview Content\"";
				DEVELOPMENT_TEAM = BHJSDBBPS7;
				ENABLE_PREVIEWS = YES;
				GENERATE_INFOPLIST_FILE = YES;
				INFOPLIST_FILE = caloriecounter/Info.plist;
				INFOPLIST_KEY_CFBundleDisplayName = Edo;
				INFOPLIST_KEY_LSApplicationCategoryType = "public.app-category.healthcare-fitness";
				INFOPLIST_KEY_NSCameraUsageDescription = "This app needs access to the camera to scan barcodes.";
				INFOPLIST_KEY_NSHealthClinicalHealthRecordsShareUsageDescription = "\"Eazeat requires access to your height, weight, and birthdate to personalize your health recommendations and track your progress.\"";
				INFOPLIST_KEY_NSHealthShareUsageDescription = "\"Eazeat requires access to write workout data to HealthKit to keep all your health information in one place and to track your fitness goals.\"";
				INFOPLIST_KEY_UIApplicationSceneManifest_Generation = YES;
				INFOPLIST_KEY_UIApplicationSupportsIndirectInputEvents = YES;
				INFOPLIST_KEY_UILaunchScreen_Generation = YES;
				INFOPLIST_KEY_UISupportedInterfaceOrientations_iPad = "UIInterfaceOrientationPortrait UIInterfaceOrientationPortraitUpsideDown UIInterfaceOrientationLandscapeLeft UIInterfaceOrientationLandscapeRight";
				INFOPLIST_KEY_UISupportedInterfaceOrientations_iPhone = "UIInterfaceOrientationPortrait UIInterfaceOrientationLandscapeLeft UIInterfaceOrientationLandscapeRight";
				LD_RUNPATH_SEARCH_PATHS = (
					"$(inherited)",
					"@executable_path/Frameworks",
				);
				MARKETING_VERSION = 1.0;
				PRODUCT_BUNDLE_IDENTIFIER = samroman.caloriecounter;
				PRODUCT_NAME = "$(TARGET_NAME)";
				PROVISIONING_PROFILE_SPECIFIER = "";
				SWIFT_EMIT_LOC_STRINGS = YES;
				SWIFT_VERSION = 5.0;
				TARGETED_DEVICE_FAMILY = "1,2";
			};
			name = Debug;
		};
		3AF36CD02B106C2500775DF6 /* Release */ = {
			isa = XCBuildConfiguration;
			buildSettings = {
				ASSETCATALOG_COMPILER_APPICON_NAME = AppIcon;
				ASSETCATALOG_COMPILER_GLOBAL_ACCENT_COLOR_NAME = AccentColor;
				CODE_SIGN_ENTITLEMENTS = caloriecounter/caloriecounter.entitlements;
				CODE_SIGN_IDENTITY = "Apple Development";
				CODE_SIGN_STYLE = Automatic;
				CURRENT_PROJECT_VERSION = 1;
				DEVELOPMENT_ASSET_PATHS = "\"caloriecounter/Preview Content\"";
				DEVELOPMENT_TEAM = BHJSDBBPS7;
				ENABLE_PREVIEWS = YES;
				GENERATE_INFOPLIST_FILE = YES;
				INFOPLIST_FILE = caloriecounter/Info.plist;
				INFOPLIST_KEY_CFBundleDisplayName = Edo;
				INFOPLIST_KEY_LSApplicationCategoryType = "public.app-category.healthcare-fitness";
				INFOPLIST_KEY_NSCameraUsageDescription = "This app needs access to the camera to scan barcodes.";
				INFOPLIST_KEY_NSHealthClinicalHealthRecordsShareUsageDescription = "\"Eazeat requires access to your height, weight, and birthdate to personalize your health recommendations and track your progress.\"";
				INFOPLIST_KEY_NSHealthShareUsageDescription = "\"Eazeat requires access to write workout data to HealthKit to keep all your health information in one place and to track your fitness goals.\"";
				INFOPLIST_KEY_UIApplicationSceneManifest_Generation = YES;
				INFOPLIST_KEY_UIApplicationSupportsIndirectInputEvents = YES;
				INFOPLIST_KEY_UILaunchScreen_Generation = YES;
				INFOPLIST_KEY_UISupportedInterfaceOrientations_iPad = "UIInterfaceOrientationPortrait UIInterfaceOrientationPortraitUpsideDown UIInterfaceOrientationLandscapeLeft UIInterfaceOrientationLandscapeRight";
				INFOPLIST_KEY_UISupportedInterfaceOrientations_iPhone = "UIInterfaceOrientationPortrait UIInterfaceOrientationLandscapeLeft UIInterfaceOrientationLandscapeRight";
				LD_RUNPATH_SEARCH_PATHS = (
					"$(inherited)",
					"@executable_path/Frameworks",
				);
				MARKETING_VERSION = 1.0;
				PRODUCT_BUNDLE_IDENTIFIER = samroman.caloriecounter;
				PRODUCT_NAME = "$(TARGET_NAME)";
				PROVISIONING_PROFILE_SPECIFIER = "";
				SWIFT_EMIT_LOC_STRINGS = YES;
				SWIFT_VERSION = 5.0;
				TARGETED_DEVICE_FAMILY = "1,2";
			};
			name = Release;
		};
		3AF36CD22B106C2500775DF6 /* Debug */ = {
			isa = XCBuildConfiguration;
			buildSettings = {
				ALWAYS_EMBED_SWIFT_STANDARD_LIBRARIES = YES;
				BUNDLE_LOADER = "$(TEST_HOST)";
				CODE_SIGN_STYLE = Automatic;
				CURRENT_PROJECT_VERSION = 1;
				DEVELOPMENT_TEAM = BHJSDBBPS7;
				GENERATE_INFOPLIST_FILE = YES;
				IPHONEOS_DEPLOYMENT_TARGET = 17.0;
				MARKETING_VERSION = 1.0;
				PRODUCT_BUNDLE_IDENTIFIER = samroman.caloriecounterTests;
				PRODUCT_NAME = "$(TARGET_NAME)";
				SWIFT_EMIT_LOC_STRINGS = NO;
				SWIFT_VERSION = 5.0;
				TARGETED_DEVICE_FAMILY = "1,2";
				TEST_HOST = "$(BUILT_PRODUCTS_DIR)/caloriecounter.app/$(BUNDLE_EXECUTABLE_FOLDER_PATH)/caloriecounter";
			};
			name = Debug;
		};
		3AF36CD32B106C2500775DF6 /* Release */ = {
			isa = XCBuildConfiguration;
			buildSettings = {
				ALWAYS_EMBED_SWIFT_STANDARD_LIBRARIES = YES;
				BUNDLE_LOADER = "$(TEST_HOST)";
				CODE_SIGN_STYLE = Automatic;
				CURRENT_PROJECT_VERSION = 1;
				DEVELOPMENT_TEAM = BHJSDBBPS7;
				GENERATE_INFOPLIST_FILE = YES;
				IPHONEOS_DEPLOYMENT_TARGET = 17.0;
				MARKETING_VERSION = 1.0;
				PRODUCT_BUNDLE_IDENTIFIER = samroman.caloriecounterTests;
				PRODUCT_NAME = "$(TARGET_NAME)";
				SWIFT_EMIT_LOC_STRINGS = NO;
				SWIFT_VERSION = 5.0;
				TARGETED_DEVICE_FAMILY = "1,2";
				TEST_HOST = "$(BUILT_PRODUCTS_DIR)/caloriecounter.app/$(BUNDLE_EXECUTABLE_FOLDER_PATH)/caloriecounter";
			};
			name = Release;
		};
		3AF36CD52B106C2500775DF6 /* Debug */ = {
			isa = XCBuildConfiguration;
			buildSettings = {
				ALWAYS_EMBED_SWIFT_STANDARD_LIBRARIES = YES;
				CODE_SIGN_STYLE = Automatic;
				CURRENT_PROJECT_VERSION = 1;
				DEVELOPMENT_TEAM = BHJSDBBPS7;
				GENERATE_INFOPLIST_FILE = YES;
				MARKETING_VERSION = 1.0;
				PRODUCT_BUNDLE_IDENTIFIER = samroman.caloriecounterUITests;
				PRODUCT_NAME = "$(TARGET_NAME)";
				SWIFT_EMIT_LOC_STRINGS = NO;
				SWIFT_VERSION = 5.0;
				TARGETED_DEVICE_FAMILY = "1,2";
				TEST_TARGET_NAME = caloriecounter;
			};
			name = Debug;
		};
		3AF36CD62B106C2500775DF6 /* Release */ = {
			isa = XCBuildConfiguration;
			buildSettings = {
				ALWAYS_EMBED_SWIFT_STANDARD_LIBRARIES = YES;
				CODE_SIGN_STYLE = Automatic;
				CURRENT_PROJECT_VERSION = 1;
				DEVELOPMENT_TEAM = BHJSDBBPS7;
				GENERATE_INFOPLIST_FILE = YES;
				MARKETING_VERSION = 1.0;
				PRODUCT_BUNDLE_IDENTIFIER = samroman.caloriecounterUITests;
				PRODUCT_NAME = "$(TARGET_NAME)";
				SWIFT_EMIT_LOC_STRINGS = NO;
				SWIFT_VERSION = 5.0;
				TARGETED_DEVICE_FAMILY = "1,2";
				TEST_TARGET_NAME = caloriecounter;
			};
			name = Release;
		};
/* End XCBuildConfiguration section */

/* Begin XCConfigurationList section */
		3AF36CA32B106C2300775DF6 /* Build configuration list for PBXProject "caloriecounter" */ = {
			isa = XCConfigurationList;
			buildConfigurations = (
				3AF36CCC2B106C2500775DF6 /* Debug */,
				3AF36CCD2B106C2500775DF6 /* Release */,
			);
			defaultConfigurationIsVisible = 0;
			defaultConfigurationName = Release;
		};
		3AF36CCE2B106C2500775DF6 /* Build configuration list for PBXNativeTarget "caloriecounter" */ = {
			isa = XCConfigurationList;
			buildConfigurations = (
				3AF36CCF2B106C2500775DF6 /* Debug */,
				3AF36CD02B106C2500775DF6 /* Release */,
			);
			defaultConfigurationIsVisible = 0;
			defaultConfigurationName = Release;
		};
		3AF36CD12B106C2500775DF6 /* Build configuration list for PBXNativeTarget "caloriecounterTests" */ = {
			isa = XCConfigurationList;
			buildConfigurations = (
				3AF36CD22B106C2500775DF6 /* Debug */,
				3AF36CD32B106C2500775DF6 /* Release */,
			);
			defaultConfigurationIsVisible = 0;
			defaultConfigurationName = Release;
		};
		3AF36CD42B106C2500775DF6 /* Build configuration list for PBXNativeTarget "caloriecounterUITests" */ = {
			isa = XCConfigurationList;
			buildConfigurations = (
				3AF36CD52B106C2500775DF6 /* Debug */,
				3AF36CD62B106C2500775DF6 /* Release */,
			);
			defaultConfigurationIsVisible = 0;
			defaultConfigurationName = Release;
		};
/* End XCConfigurationList section */

/* Begin XCVersionGroup section */
		3AF36D082B119F9B00775DF6 /* NutritionTracker.xcdatamodeld */ = {
			isa = XCVersionGroup;
			children = (
				3AF36D092B119F9B00775DF6 /* Model.xcdatamodel */,
			);
			currentVersion = 3AF36D092B119F9B00775DF6 /* Model.xcdatamodel */;
			path = NutritionTracker.xcdatamodeld;
			sourceTree = "<group>";
			versionGroupType = wrapper.xcdatamodel;
		};
/* End XCVersionGroup section */
	};
	rootObject = 3AF36CA02B106C2300775DF6 /* Project object */;
}
