{
  "pins" : [
    {
      "identity" : "barcodeview",
      "kind" : "remoteSourceControl",
      "location" : "https://github.com/hrabkin/BarcodeView.git",
      "state" : {
        "branch" : "master",
        "revision" : "1c18b3236db7ac03146981d26a8258b5e62117c8"
      }
    },
    {
      "identity" : "openfoodfacts-swift",
      "kind" : "remoteSourceControl",
      "location" : "https://github.com/openfoodfacts/openfoodfacts-swift",
      "state" : {
        "branch" : "main",
        "revision" : "3801106166481a9bbda74c9c6933791e5139afbf"
      }
    },
    {
      "identity" : "tocropviewcontroller",
      "kind" : "remoteSourceControl",
      "location" : "https://github.com/TimOliver/TOCropViewController.git",
      "state" : {
        "revision" : "036525a7ee5a66cff184994e6f0a3e0743c8fb60",
        "version" : "2.7.3"
      }
    },
    {
      "identity" : "viewinspector",
      "kind" : "remoteSourceControl",
      "location" : "https://github.com/nalexn/ViewInspector",
      "state" : {
        "revision" : "67319287749b83f39dcc2f20edd520c610c012fd",
        "version" : "0.9.10"
      }
    }
  ],
  "version" : 2
}
